
Microsoft Visual Studio Solution File, Format Version 12.00
# Visual Studio 15
VisualStudioVersion = 15.0.28307.902
MinimumVisualStudioVersion = 10.0.40219.1
Project("{FAE04EC0-301F-11D3-BF4B-00C04F79EFBC}") = "Professional Register form", "Professional Register form\Professional Register form.csproj", "{7DB757FB-3D12-4FD4-B374-6E2569A61BDE}"
EndProject
Global
	GlobalSection(SolutionConfigurationPlatforms) = preSolution
		Debug|Any CPU = Debug|Any CPU
		Release|Any CPU = Release|Any CPU
	EndGlobalSection
	GlobalSection(ProjectConfigurationPlatforms) = postSolution
		{7DB757FB-3D12-4FD4-B374-6E2569A61BDE}.Debug|Any CPU.ActiveCfg = Debug|Any CPU
		{7DB757FB-3D12-4FD4-B374-6E2569A61BDE}.Debug|Any CPU.Build.0 = Debug|Any CPU
		{7DB757FB-3D12-4FD4-B374-6E2569A61BDE}.Release|Any CPU.ActiveCfg = Release|Any CPU
		{7DB757FB-3D12-4FD4-B374-6E2569A61BDE}.Release|Any CPU.Build.0 = Release|Any CPU
	EndGlobalSection
	GlobalSection(SolutionProperties) = preSolution
		HideSolutionNode = FALSE
	EndGlobalSection
	GlobalSection(ExtensibilityGlobals) = postSolution
		SolutionGuid = {5D468EEE-BC89-4481-BC6F-F19427E311F4}
	EndGlobalSection
EndGlobal
